
Microsoft Visual Studio Solution File, Format Version 12.00
# Visual Studio Version 17
VisualStudioVersion = 17.8.34511.84
MinimumVisualStudioVersion = 10.0.40219.1
Project("{9A19103F-16F7-4668-BE54-9A1E7A4F7556}") = "dadjokes", "dadjokes.csproj", "{42391BB2-3295-4DBE-935B-49030B38C851}"
EndProject
Global
	GlobalSection(SolutionConfigurationPlatforms) = preSolution
		Debug|Any CPU = Debug|Any CPU
		Release|Any CPU = Release|Any CPU
	EndGlobalSection
	GlobalSection(ProjectConfigurationPlatforms) = postSolution
		{42391BB2-3295-4DBE-935B-49030B38C851}.Debug|Any CPU.ActiveCfg = Debug|Any CPU
		{42391BB2-3295-4DBE-935B-49030B38C851}.Debug|Any CPU.Build.0 = Debug|Any CPU
		{42391BB2-3295-4DBE-935B-49030B38C851}.Release|Any CPU.ActiveCfg = Release|Any CPU
		{42391BB2-3295-4DBE-935B-49030B38C851}.Release|Any CPU.Build.0 = Release|Any CPU
	EndGlobalSection
	GlobalSection(SolutionProperties) = preSolution
		HideSolutionNode = FALSE
	EndGlobalSection
	GlobalSection(ExtensibilityGlobals) = postSolution
		SolutionGuid = {246B4B4E-E1B3-47C5-A132-9C113005902A}
	EndGlobalSection
EndGlobal
